
Microsoft Visual Studio Solution File, Format Version 12.00
# Visual Studio 15
VisualStudioVersion = 15.0.28307.572
MinimumVisualStudioVersion = 10.0.40219.1
Project("{FAE04EC0-301F-11D3-BF4B-00C04F79EFBC}") = "DataAccess", "DataAccess\DataAccess.csproj", "{7AB6BCF1-7D73-4CBD-BE96-8B0AF54BAE21}"
EndProject
Project("{FAE04EC0-301F-11D3-BF4B-00C04F79EFBC}") = "Entities-POJO", "Entities-POJO\Entities-POJO.csproj", "{E7A365BA-2372-4C04-92E7-FF93701C703A}"
EndProject
Project("{FAE04EC0-301F-11D3-BF4B-00C04F79EFBC}") = "SandBoxTest", "SandBoxTest\SandBoxTest.csproj", "{3CC6F04E-900E-4530-A2F6-EFB08B1B88A6}"
EndProject
Project("{2150E333-8FDC-42A3-9474-1A3956D46DE8}") = "API", "API", "{7D9C9A21-C569-40B2-A0EA-56D0417C69D2}"
EndProject
Project("{FAE04EC0-301F-11D3-BF4B-00C04F79EFBC}") = "WebAPI", "WebAPI\WebAPI.csproj", "{5ACB9102-75BA-4E21-A913-6939F85BE5E9}"
EndProject
Project("{FAE04EC0-301F-11D3-BF4B-00C04F79EFBC}") = "CoreApi", "CoreApi\CoreApi.csproj", "{FD92E219-43E8-4E2A-812E-AF975CE9E3AA}"
EndProject
Project("{FAE04EC0-301F-11D3-BF4B-00C04F79EFBC}") = "Exceptions", "Exceptions\Exceptions.csproj", "{30F79F85-DCBC-4325-9E3C-0B0620696505}"
EndProject
Project("{2150E333-8FDC-42A3-9474-1A3956D46DE8}") = "WebApp", "WebApp", "{031CB817-2A5B-4A7F-8F8E-D774ED0C7D69}"
EndProject
Project("{FAE04EC0-301F-11D3-BF4B-00C04F79EFBC}") = "WebApplication1", "WebApplication1\WebApplication1.csproj", "{8A0FF707-7A51-4B79-81C1-150D02E3DD95}"
EndProject
Project("{FAE04EC0-301F-11D3-BF4B-00C04F79EFBC}") = "SecondWebApp", "SecondWebApp\SecondWebApp.csproj", "{4290AD27-2D7D-4018-9F35-D560D12334F0}"
EndProject
Project("{2150E333-8FDC-42A3-9474-1A3956D46DE8}") = "Second Web APP", "Second Web APP", "{DAB056F6-2644-4832-BA78-161760640BBA}"
EndProject
Project("{FAE04EC0-301F-11D3-BF4B-00C04F79EFBC}") = "DataAccessEF", "DataAccessEF\DataAccessEF.csproj", "{3279E5E8-339C-4DED-B943-55C6985729B4}"
EndProject
Global
	GlobalSection(SolutionConfigurationPlatforms) = preSolution
		Debug|Any CPU = Debug|Any CPU
		Release|Any CPU = Release|Any CPU
	EndGlobalSection
	GlobalSection(ProjectConfigurationPlatforms) = postSolution
		{7AB6BCF1-7D73-4CBD-BE96-8B0AF54BAE21}.Debug|Any CPU.ActiveCfg = Debug|Any CPU
		{7AB6BCF1-7D73-4CBD-BE96-8B0AF54BAE21}.Debug|Any CPU.Build.0 = Debug|Any CPU
		{7AB6BCF1-7D73-4CBD-BE96-8B0AF54BAE21}.Release|Any CPU.ActiveCfg = Release|Any CPU
		{7AB6BCF1-7D73-4CBD-BE96-8B0AF54BAE21}.Release|Any CPU.Build.0 = Release|Any CPU
		{E7A365BA-2372-4C04-92E7-FF93701C703A}.Debug|Any CPU.ActiveCfg = Debug|Any CPU
		{E7A365BA-2372-4C04-92E7-FF93701C703A}.Debug|Any CPU.Build.0 = Debug|Any CPU
		{E7A365BA-2372-4C04-92E7-FF93701C703A}.Release|Any CPU.ActiveCfg = Release|Any CPU
		{E7A365BA-2372-4C04-92E7-FF93701C703A}.Release|Any CPU.Build.0 = Release|Any CPU
		{3CC6F04E-900E-4530-A2F6-EFB08B1B88A6}.Debug|Any CPU.ActiveCfg = Debug|Any CPU
		{3CC6F04E-900E-4530-A2F6-EFB08B1B88A6}.Debug|Any CPU.Build.0 = Debug|Any CPU
		{3CC6F04E-900E-4530-A2F6-EFB08B1B88A6}.Release|Any CPU.ActiveCfg = Release|Any CPU
		{3CC6F04E-900E-4530-A2F6-EFB08B1B88A6}.Release|Any CPU.Build.0 = Release|Any CPU
		{5ACB9102-75BA-4E21-A913-6939F85BE5E9}.Debug|Any CPU.ActiveCfg = Debug|Any CPU
		{5ACB9102-75BA-4E21-A913-6939F85BE5E9}.Debug|Any CPU.Build.0 = Debug|Any CPU
		{5ACB9102-75BA-4E21-A913-6939F85BE5E9}.Release|Any CPU.ActiveCfg = Release|Any CPU
		{5ACB9102-75BA-4E21-A913-6939F85BE5E9}.Release|Any CPU.Build.0 = Release|Any CPU
		{FD92E219-43E8-4E2A-812E-AF975CE9E3AA}.Debug|Any CPU.ActiveCfg = Debug|Any CPU
		{FD92E219-43E8-4E2A-812E-AF975CE9E3AA}.Debug|Any CPU.Build.0 = Debug|Any CPU
		{FD92E219-43E8-4E2A-812E-AF975CE9E3AA}.Release|Any CPU.ActiveCfg = Release|Any CPU
		{FD92E219-43E8-4E2A-812E-AF975CE9E3AA}.Release|Any CPU.Build.0 = Release|Any CPU
		{30F79F85-DCBC-4325-9E3C-0B0620696505}.Debug|Any CPU.ActiveCfg = Debug|Any CPU
		{30F79F85-DCBC-4325-9E3C-0B0620696505}.Debug|Any CPU.Build.0 = Debug|Any CPU
		{30F79F85-DCBC-4325-9E3C-0B0620696505}.Release|Any CPU.ActiveCfg = Release|Any CPU
		{30F79F85-DCBC-4325-9E3C-0B0620696505}.Release|Any CPU.Build.0 = Release|Any CPU
		{8A0FF707-7A51-4B79-81C1-150D02E3DD95}.Debug|Any CPU.ActiveCfg = Debug|Any CPU
		{8A0FF707-7A51-4B79-81C1-150D02E3DD95}.Debug|Any CPU.Build.0 = Debug|Any CPU
		{8A0FF707-7A51-4B79-81C1-150D02E3DD95}.Release|Any CPU.ActiveCfg = Release|Any CPU
		{8A0FF707-7A51-4B79-81C1-150D02E3DD95}.Release|Any CPU.Build.0 = Release|Any CPU
		{4290AD27-2D7D-4018-9F35-D560D12334F0}.Debug|Any CPU.ActiveCfg = Debug|Any CPU
		{4290AD27-2D7D-4018-9F35-D560D12334F0}.Debug|Any CPU.Build.0 = Debug|Any CPU
		{4290AD27-2D7D-4018-9F35-D560D12334F0}.Release|Any CPU.ActiveCfg = Release|Any CPU
		{4290AD27-2D7D-4018-9F35-D560D12334F0}.Release|Any CPU.Build.0 = Release|Any CPU
		{3279E5E8-339C-4DED-B943-55C6985729B4}.Debug|Any CPU.ActiveCfg = Debug|Any CPU
		{3279E5E8-339C-4DED-B943-55C6985729B4}.Debug|Any CPU.Build.0 = Debug|Any CPU
		{3279E5E8-339C-4DED-B943-55C6985729B4}.Release|Any CPU.ActiveCfg = Release|Any CPU
		{3279E5E8-339C-4DED-B943-55C6985729B4}.Release|Any CPU.Build.0 = Release|Any CPU
	EndGlobalSection
	GlobalSection(SolutionProperties) = preSolution
		HideSolutionNode = FALSE
	EndGlobalSection
	GlobalSection(NestedProjects) = preSolution
		{5ACB9102-75BA-4E21-A913-6939F85BE5E9} = {7D9C9A21-C569-40B2-A0EA-56D0417C69D2}
		{FD92E219-43E8-4E2A-812E-AF975CE9E3AA} = {7D9C9A21-C569-40B2-A0EA-56D0417C69D2}
		{8A0FF707-7A51-4B79-81C1-150D02E3DD95} = {031CB817-2A5B-4A7F-8F8E-D774ED0C7D69}
		{4290AD27-2D7D-4018-9F35-D560D12334F0} = {DAB056F6-2644-4832-BA78-161760640BBA}
	EndGlobalSection
	GlobalSection(ExtensibilityGlobals) = postSolution
		SolutionGuid = {EB7447F4-44F2-43B4-BAAF-C86BBDF07BFD}
	EndGlobalSection
EndGlobal
